// !$*UTF8*$!
{
	archiveVersion = 1;
	classes = {
	};
	objectVersion = 46;
	objects = {

/* Begin PBXBuildFile section */
		84269CC219FA581C00EAB223 /* Main_iPhone.storyboard in Resources */ = {isa = PBXBuildFile; fileRef = 84269CB919FA581C00EAB223 /* Main_iPhone.storyboard */; };
		84269CC319FA581C00EAB223 /* WakeUp.m in Sources */ = {isa = PBXBuildFile; fileRef = 84269CBB19FA581C00EAB223 /* WakeUp.m */; };
		84269CC419FA581C00EAB223 /* SetTime.m in Sources */ = {isa = PBXBuildFile; fileRef = 84269CBD19FA581C00EAB223 /* SetTime.m */; };
		84269CC519FA581C00EAB223 /* Recording.m in Sources */ = {isa = PBXBuildFile; fileRef = 84269CBF19FA581C00EAB223 /* Recording.m */; };
		84269CC619FA581C00EAB223 /* MainView.m in Sources */ = {isa = PBXBuildFile; fileRef = 84269CC119FA581C00EAB223 /* MainView.m */; };
		84676DEE1A0088FA00E61585 /* Accounts.framework in Frameworks */ = {isa = PBXBuildFile; fileRef = 84676DED1A0088FA00E61585 /* Accounts.framework */; };
		84676DF01A00890400E61585 /* Social.framework in Frameworks */ = {isa = PBXBuildFile; fileRef = 84676DEF1A00890400E61585 /* Social.framework */; };
		84676DF21A00890C00E61585 /* Twitter.framework in Frameworks */ = {isa = PBXBuildFile; fileRef = 84676DF11A00890C00E61585 /* Twitter.framework */; };
		849A41ED19FA1920006F65ED /* main.m in Sources */ = {isa = PBXBuildFile; fileRef = 849A41EC19FA1920006F65ED /* main.m */; };
		849A41F019FA1920006F65ED /* AppDelegate.m in Sources */ = {isa = PBXBuildFile; fileRef = 849A41EF19FA1920006F65ED /* AppDelegate.m */; };
		849A41F319FA1920006F65ED /* ViewController.m in Sources */ = {isa = PBXBuildFile; fileRef = 849A41F219FA1920006F65ED /* ViewController.m */; };
		849A41F619FA1920006F65ED /* Main.storyboard in Resources */ = {isa = PBXBuildFile; fileRef = 849A41F419FA1920006F65ED /* Main.storyboard */; };
		849A41F819FA1920006F65ED /* Images.xcassets in Resources */ = {isa = PBXBuildFile; fileRef = 849A41F719FA1920006F65ED /* Images.xcassets */; };
		849A41FB19FA1920006F65ED /* LaunchScreen.xib in Resources */ = {isa = PBXBuildFile; fileRef = 849A41F919FA1920006F65ED /* LaunchScreen.xib */; };
		849A420719FA1920006F65ED /* SADPM4Tests.m in Sources */ = {isa = PBXBuildFile; fileRef = 849A420619FA1920006F65ED /* SADPM4Tests.m */; };
		84D852EC1A12FD2E001035CD /* Parse.framework in Frameworks */ = {isa = PBXBuildFile; fileRef = 84D852EB1A12FD2E001035CD /* Parse.framework */; };
		84D852EE1A12FED7001035CD /* Bolts.framework in Frameworks */ = {isa = PBXBuildFile; fileRef = 84D852ED1A12FED7001035CD /* Bolts.framework */; };
		84D852F91A12FF41001035CD /* AudioToolbox.framework in Frameworks */ = {isa = PBXBuildFile; fileRef = 84D852EF1A12FF41001035CD /* AudioToolbox.framework */; };
		84D852FA1A12FF41001035CD /* CFNetwork.framework in Frameworks */ = {isa = PBXBuildFile; fileRef = 84D852F01A12FF41001035CD /* CFNetwork.framework */; };
		84D852FB1A12FF41001035CD /* CoreGraphics.framework in Frameworks */ = {isa = PBXBuildFile; fileRef = 84D852F11A12FF41001035CD /* CoreGraphics.framework */; };
		84D852FC1A12FF41001035CD /* CoreLocation.framework in Frameworks */ = {isa = PBXBuildFile; fileRef = 84D852F21A12FF41001035CD /* CoreLocation.framework */; };
		84D852FD1A12FF41001035CD /* libz.dylib in Frameworks */ = {isa = PBXBuildFile; fileRef = 84D852F31A12FF41001035CD /* libz.dylib */; };
		84D852FE1A12FF41001035CD /* MobileCoreServices.framework in Frameworks */ = {isa = PBXBuildFile; fileRef = 84D852F41A12FF41001035CD /* MobileCoreServices.framework */; };
		84D852FF1A12FF41001035CD /* QuartzCore.framework in Frameworks */ = {isa = PBXBuildFile; fileRef = 84D852F51A12FF41001035CD /* QuartzCore.framework */; };
		84D853001A12FF41001035CD /* Security.framework in Frameworks */ = {isa = PBXBuildFile; fileRef = 84D852F61A12FF41001035CD /* Security.framework */; };
		84D853011A12FF41001035CD /* StoreKit.framework in Frameworks */ = {isa = PBXBuildFile; fileRef = 84D852F71A12FF41001035CD /* StoreKit.framework */; };
		84D853021A12FF41001035CD /* SystemConfiguration.framework in Frameworks */ = {isa = PBXBuildFile; fileRef = 84D852F81A12FF41001035CD /* SystemConfiguration.framework */; };
/* End PBXBuildFile section */

/* Begin PBXContainerItemProxy section */
		849A420119FA1920006F65ED /* PBXContainerItemProxy */ = {
			isa = PBXContainerItemProxy;
			containerPortal = 849A41DF19FA1920006F65ED /* Project object */;
			proxyType = 1;
			remoteGlobalIDString = 849A41E619FA1920006F65ED;
			remoteInfo = SADPM4;
		};
/* End PBXContainerItemProxy section */

/* Begin PBXFileReference section */
		84269CB919FA581C00EAB223 /* Main_iPhone.storyboard */ = {isa = PBXFileReference; fileEncoding = 4; lastKnownFileType = file.storyboard; path = Main_iPhone.storyboard; sourceTree = "<group>"; };
		84269CBA19FA581C00EAB223 /* WakeUp.h */ = {isa = PBXFileReference; fileEncoding = 4; lastKnownFileType = sourcecode.c.h; path = WakeUp.h; sourceTree = "<group>"; };
		84269CBB19FA581C00EAB223 /* WakeUp.m */ = {isa = PBXFileReference; fileEncoding = 4; lastKnownFileType = sourcecode.c.objc; path = WakeUp.m; sourceTree = "<group>"; };
		84269CBC19FA581C00EAB223 /* SetTime.h */ = {isa = PBXFileReference; fileEncoding = 4; lastKnownFileType = sourcecode.c.h; path = SetTime.h; sourceTree = "<group>"; };
		84269CBD19FA581C00EAB223 /* SetTime.m */ = {isa = PBXFileReference; fileEncoding = 4; lastKnownFileType = sourcecode.c.objc; path = SetTime.m; sourceTree = "<group>"; };
		84269CBE19FA581C00EAB223 /* Recording.h */ = {isa = PBXFileReference; fileEncoding = 4; lastKnownFileType = sourcecode.c.h; path = Recording.h; sourceTree = "<group>"; };
		84269CBF19FA581C00EAB223 /* Recording.m */ = {isa = PBXFileReference; fileEncoding = 4; lastKnownFileType = sourcecode.c.objc; path = Recording.m; sourceTree = "<group>"; };
		84269CC019FA581C00EAB223 /* MainView.h */ = {isa = PBXFileReference; fileEncoding = 4; lastKnownFileType = sourcecode.c.h; path = MainView.h; sourceTree = "<group>"; };
		84269CC119FA581C00EAB223 /* MainView.m */ = {isa = PBXFileReference; fileEncoding = 4; lastKnownFileType = sourcecode.c.objc; path = MainView.m; sourceTree = "<group>"; };
		84676DED1A0088FA00E61585 /* Accounts.framework */ = {isa = PBXFileReference; lastKnownFileType = wrapper.framework; name = Accounts.framework; path = System/Library/Frameworks/Accounts.framework; sourceTree = SDKROOT; };
		84676DEF1A00890400E61585 /* Social.framework */ = {isa = PBXFileReference; lastKnownFileType = wrapper.framework; name = Social.framework; path = System/Library/Frameworks/Social.framework; sourceTree = SDKROOT; };
		84676DF11A00890C00E61585 /* Twitter.framework */ = {isa = PBXFileReference; lastKnownFileType = wrapper.framework; name = Twitter.framework; path = System/Library/Frameworks/Twitter.framework; sourceTree = SDKROOT; };
		849A41E719FA1920006F65ED /* SADPM4.app */ = {isa = PBXFileReference; explicitFileType = wrapper.application; includeInIndex = 0; path = SADPM4.app; sourceTree = BUILT_PRODUCTS_DIR; };
		849A41EB19FA1920006F65ED /* Info.plist */ = {isa = PBXFileReference; lastKnownFileType = text.plist.xml; path = Info.plist; sourceTree = "<group>"; };
		849A41EC19FA1920006F65ED /* main.m */ = {isa = PBXFileReference; lastKnownFileType = sourcecode.c.objc; path = main.m; sourceTree = "<group>"; };
		849A41EE19FA1920006F65ED /* AppDelegate.h */ = {isa = PBXFileReference; lastKnownFileType = sourcecode.c.h; path = AppDelegate.h; sourceTree = "<group>"; };
		849A41EF19FA1920006F65ED /* AppDelegate.m */ = {isa = PBXFileReference; lastKnownFileType = sourcecode.c.objc; path = AppDelegate.m; sourceTree = "<group>"; };
		849A41F119FA1920006F65ED /* ViewController.h */ = {isa = PBXFileReference; lastKnownFileType = sourcecode.c.h; path = ViewController.h; sourceTree = "<group>"; };
		849A41F219FA1920006F65ED /* ViewController.m */ = {isa = PBXFileReference; lastKnownFileType = sourcecode.c.objc; path = ViewController.m; sourceTree = "<group>"; };
		849A41F519FA1920006F65ED /* Base */ = {isa = PBXFileReference; lastKnownFileType = file.storyboard; name = Base; path = Base.lproj/Main.storyboard; sourceTree = "<group>"; };
		849A41F719FA1920006F65ED /* Images.xcassets */ = {isa = PBXFileReference; lastKnownFileType = folder.assetcatalog; path = Images.xcassets; sourceTree = "<group>"; };
		849A41FA19FA1920006F65ED /* Base */ = {isa = PBXFileReference; lastKnownFileType = file.xib; name = Base; path = Base.lproj/LaunchScreen.xib; sourceTree = "<group>"; };
		849A420019FA1920006F65ED /* SADPM4Tests.xctest */ = {isa = PBXFileReference; explicitFileType = wrapper.cfbundle; includeInIndex = 0; path = SADPM4Tests.xctest; sourceTree = BUILT_PRODUCTS_DIR; };
		849A420519FA1920006F65ED /* Info.plist */ = {isa = PBXFileReference; lastKnownFileType = text.plist.xml; path = Info.plist; sourceTree = "<group>"; };
		849A420619FA1920006F65ED /* SADPM4Tests.m */ = {isa = PBXFileReference; lastKnownFileType = sourcecode.c.objc; path = SADPM4Tests.m; sourceTree = "<group>"; };
		84D852EB1A12FD2E001035CD /* Parse.framework */ = {isa = PBXFileReference; lastKnownFileType = wrapper.framework; name = Parse.framework; path = "../parse-library-1.5.0/Parse.framework"; sourceTree = "<group>"; };
		84D852ED1A12FED7001035CD /* Bolts.framework */ = {isa = PBXFileReference; lastKnownFileType = wrapper.framework; name = Bolts.framework; path = "../parse-library-1.5.0/Bolts.framework"; sourceTree = "<group>"; };
		84D852EF1A12FF41001035CD /* AudioToolbox.framework */ = {isa = PBXFileReference; lastKnownFileType = wrapper.framework; name = AudioToolbox.framework; path = System/Library/Frameworks/AudioToolbox.framework; sourceTree = SDKROOT; };
		84D852F01A12FF41001035CD /* CFNetwork.framework */ = {isa = PBXFileReference; lastKnownFileType = wrapper.framework; name = CFNetwork.framework; path = System/Library/Frameworks/CFNetwork.framework; sourceTree = SDKROOT; };
		84D852F11A12FF41001035CD /* CoreGraphics.framework */ = {isa = PBXFileReference; lastKnownFileType = wrapper.framework; name = CoreGraphics.framework; path = System/Library/Frameworks/CoreGraphics.framework; sourceTree = SDKROOT; };
		84D852F21A12FF41001035CD /* CoreLocation.framework */ = {isa = PBXFileReference; lastKnownFileType = wrapper.framework; name = CoreLocation.framework; path = System/Library/Frameworks/CoreLocation.framework; sourceTree = SDKROOT; };
		84D852F31A12FF41001035CD /* libz.dylib */ = {isa = PBXFileReference; lastKnownFileType = "compiled.mach-o.dylib"; name = libz.dylib; path = usr/lib/libz.dylib; sourceTree = SDKROOT; };
		84D852F41A12FF41001035CD /* MobileCoreServices.framework */ = {isa = PBXFileReference; lastKnownFileType = wrapper.framework; name = MobileCoreServices.framework; path = System/Library/Frameworks/MobileCoreServices.framework; sourceTree = SDKROOT; };
		84D852F51A12FF41001035CD /* QuartzCore.framework */ = {isa = PBXFileReference; lastKnownFileType = wrapper.framework; name = QuartzCore.framework; path = System/Library/Frameworks/QuartzCore.framework; sourceTree = SDKROOT; };
		84D852F61A12FF41001035CD /* Security.framework */ = {isa = PBXFileReference; lastKnownFileType = wrapper.framework; name = Security.framework; path = System/Library/Frameworks/Security.framework; sourceTree = SDKROOT; };
		84D852F71A12FF41001035CD /* StoreKit.framework */ = {isa = PBXFileReference; lastKnownFileType = wrapper.framework; name = StoreKit.framework; path = System/Library/Frameworks/StoreKit.framework; sourceTree = SDKROOT; };
		84D852F81A12FF41001035CD /* SystemConfiguration.framework */ = {isa = PBXFileReference; lastKnownFileType = wrapper.framework; name = SystemConfiguration.framework; path = System/Library/Frameworks/SystemConfiguration.framework; sourceTree = SDKROOT; };
/* End PBXFileReference section */

/* Begin PBXFrameworksBuildPhase section */
		849A41E419FA1920006F65ED /* Frameworks */ = {
			isa = PBXFrameworksBuildPhase;
			buildActionMask = 2147483647;
			files = (
				84D852F91A12FF41001035CD /* AudioToolbox.framework in Frameworks */,
				84D852FA1A12FF41001035CD /* CFNetwork.framework in Frameworks */,
				84D852FB1A12FF41001035CD /* CoreGraphics.framework in Frameworks */,
				84D852FC1A12FF41001035CD /* CoreLocation.framework in Frameworks */,
				84D852FD1A12FF41001035CD /* libz.dylib in Frameworks */,
				84D852FE1A12FF41001035CD /* MobileCoreServices.framework in Frameworks */,
				84D852FF1A12FF41001035CD /* QuartzCore.framework in Frameworks */,
				84D853001A12FF41001035CD /* Security.framework in Frameworks */,
				84D853011A12FF41001035CD /* StoreKit.framework in Frameworks */,
				84D853021A12FF41001035CD /* SystemConfiguration.framework in Frameworks */,
				84D852EE1A12FED7001035CD /* Bolts.framework in Frameworks */,
				84D852EC1A12FD2E001035CD /* Parse.framework in Frameworks */,
				84676DF21A00890C00E61585 /* Twitter.framework in Frameworks */,
				84676DF01A00890400E61585 /* Social.framework in Frameworks */,
				84676DEE1A0088FA00E61585 /* Accounts.framework in Frameworks */,
			);
			runOnlyForDeploymentPostprocessing = 0;
		};
		849A41FD19FA1920006F65ED /* Frameworks */ = {
			isa = PBXFrameworksBuildPhase;
			buildActionMask = 2147483647;
			files = (
			);
			runOnlyForDeploymentPostprocessing = 0;
		};
/* End PBXFrameworksBuildPhase section */

/* Begin PBXGroup section */
		849A41DE19FA1920006F65ED = {
			isa = PBXGroup;
			children = (
				84D852EF1A12FF41001035CD /* AudioToolbox.framework */,
				84D852F01A12FF41001035CD /* CFNetwork.framework */,
				84D852F11A12FF41001035CD /* CoreGraphics.framework */,
				84D852F21A12FF41001035CD /* CoreLocation.framework */,
				84D852F31A12FF41001035CD /* libz.dylib */,
				84D852F41A12FF41001035CD /* MobileCoreServices.framework */,
				84D852F51A12FF41001035CD /* QuartzCore.framework */,
				84D852F61A12FF41001035CD /* Security.framework */,
				84D852F71A12FF41001035CD /* StoreKit.framework */,
				84D852F81A12FF41001035CD /* SystemConfiguration.framework */,
				84D852ED1A12FED7001035CD /* Bolts.framework */,
				84D852EB1A12FD2E001035CD /* Parse.framework */,
				84676DF11A00890C00E61585 /* Twitter.framework */,
				84676DEF1A00890400E61585 /* Social.framework */,
				84676DED1A0088FA00E61585 /* Accounts.framework */,
				849A41E919FA1920006F65ED /* SADPM4 */,
				849A420319FA1920006F65ED /* SADPM4Tests */,
				849A41E819FA1920006F65ED /* Products */,
			);
			sourceTree = "<group>";
		};
		849A41E819FA1920006F65ED /* Products */ = {
			isa = PBXGroup;
			children = (
				849A41E719FA1920006F65ED /* SADPM4.app */,
				849A420019FA1920006F65ED /* SADPM4Tests.xctest */,
			);
			name = Products;
			sourceTree = "<group>";
		};
		849A41E919FA1920006F65ED /* SADPM4 */ = {
			isa = PBXGroup;
			children = (
				849A41EE19FA1920006F65ED /* AppDelegate.h */,
				849A41EF19FA1920006F65ED /* AppDelegate.m */,
				849A41F119FA1920006F65ED /* ViewController.h */,
				849A41F219FA1920006F65ED /* ViewController.m */,
				849A41F419FA1920006F65ED /* Main.storyboard */,
				84269CB919FA581C00EAB223 /* Main_iPhone.storyboard */,
				84269CBA19FA581C00EAB223 /* WakeUp.h */,
				84269CBB19FA581C00EAB223 /* WakeUp.m */,
				84269CBC19FA581C00EAB223 /* SetTime.h */,
				84269CBD19FA581C00EAB223 /* SetTime.m */,
				84269CBE19FA581C00EAB223 /* Recording.h */,
				84269CBF19FA581C00EAB223 /* Recording.m */,
				84269CC019FA581C00EAB223 /* MainView.h */,
				84269CC119FA581C00EAB223 /* MainView.m */,
				849A41F719FA1920006F65ED /* Images.xcassets */,
				849A41F919FA1920006F65ED /* LaunchScreen.xib */,
				849A41EA19FA1920006F65ED /* Supporting Files */,
			);
			path = SADPM4;
			sourceTree = "<group>";
		};
		849A41EA19FA1920006F65ED /* Supporting Files */ = {
			isa = PBXGroup;
			children = (
				849A41EB19FA1920006F65ED /* Info.plist */,
				849A41EC19FA1920006F65ED /* main.m */,
			);
			name = "Supporting Files";
			sourceTree = "<group>";
		};
		849A420319FA1920006F65ED /* SADPM4Tests */ = {
			isa = PBXGroup;
			children = (
				849A420619FA1920006F65ED /* SADPM4Tests.m */,
				849A420419FA1920006F65ED /* Supporting Files */,
			);
			path = SADPM4Tests;
			sourceTree = "<group>";
		};
		849A420419FA1920006F65ED /* Supporting Files */ = {
			isa = PBXGroup;
			children = (
				849A420519FA1920006F65ED /* Info.plist */,
			);
			name = "Supporting Files";
			sourceTree = "<group>";
		};
/* End PBXGroup section */

/* Begin PBXNativeTarget section */
		849A41E619FA1920006F65ED /* SADPM4 */ = {
			isa = PBXNativeTarget;
			buildConfigurationList = 849A420A19FA1920006F65ED /* Build configuration list for PBXNativeTarget "SADPM4" */;
			buildPhases = (
				849A41E319FA1920006F65ED /* Sources */,
				849A41E419FA1920006F65ED /* Frameworks */,
				849A41E519FA1920006F65ED /* Resources */,
			);
			buildRules = (
			);
			dependencies = (
			);
			name = SADPM4;
			productName = SADPM4;
			productReference = 849A41E719FA1920006F65ED /* SADPM4.app */;
			productType = "com.apple.product-type.application";
		};
		849A41FF19FA1920006F65ED /* SADPM4Tests */ = {
			isa = PBXNativeTarget;
			buildConfigurationList = 849A420D19FA1920006F65ED /* Build configuration list for PBXNativeTarget "SADPM4Tests" */;
			buildPhases = (
				849A41FC19FA1920006F65ED /* Sources */,
				849A41FD19FA1920006F65ED /* Frameworks */,
				849A41FE19FA1920006F65ED /* Resources */,
			);
			buildRules = (
			);
			dependencies = (
				849A420219FA1920006F65ED /* PBXTargetDependency */,
			);
			name = SADPM4Tests;
			productName = SADPM4Tests;
			productReference = 849A420019FA1920006F65ED /* SADPM4Tests.xctest */;
			productType = "com.apple.product-type.bundle.unit-test";
		};
/* End PBXNativeTarget section */

/* Begin PBXProject section */
		849A41DF19FA1920006F65ED /* Project object */ = {
			isa = PBXProject;
			attributes = {
				LastUpgradeCheck = 0600;
				ORGANIZATIONNAME = kawakami_mac;
				TargetAttributes = {
					849A41E619FA1920006F65ED = {
						CreatedOnToolsVersion = 6.0.1;
					};
					849A41FF19FA1920006F65ED = {
						CreatedOnToolsVersion = 6.0.1;
						TestTargetID = 849A41E619FA1920006F65ED;
					};
				};
			};
			buildConfigurationList = 849A41E219FA1920006F65ED /* Build configuration list for PBXProject "SADPM4" */;
			compatibilityVersion = "Xcode 3.2";
			developmentRegion = English;
			hasScannedForEncodings = 0;
			knownRegions = (
				en,
				Base,
			);
			mainGroup = 849A41DE19FA1920006F65ED;
			productRefGroup = 849A41E819FA1920006F65ED /* Products */;
			projectDirPath = "";
			projectRoot = "";
			targets = (
				849A41E619FA1920006F65ED /* SADPM4 */,
				849A41FF19FA1920006F65ED /* SADPM4Tests */,
			);
		};
/* End PBXProject section */

/* Begin PBXResourcesBuildPhase section */
		849A41E519FA1920006F65ED /* Resources */ = {
			isa = PBXResourcesBuildPhase;
			buildActionMask = 2147483647;
			files = (
				84269CC219FA581C00EAB223 /* Main_iPhone.storyboard in Resources */,
				849A41F619FA1920006F65ED /* Main.storyboard in Resources */,
				849A41FB19FA1920006F65ED /* LaunchScreen.xib in Resources */,
				849A41F819FA1920006F65ED /* Images.xcassets in Resources */,
			);
			runOnlyForDeploymentPostprocessing = 0;
		};
		849A41FE19FA1920006F65ED /* Resources */ = {
			isa = PBXResourcesBuildPhase;
			buildActionMask = 2147483647;
			files = (
			);
			runOnlyForDeploymentPostprocessing = 0;
		};
/* End PBXResourcesBuildPhase section */

/* Begin PBXSourcesBuildPhase section */
		849A41E319FA1920006F65ED /* Sources */ = {
			isa = PBXSourcesBuildPhase;
			buildActionMask = 2147483647;
			files = (
				84269CC419FA581C00EAB223 /* SetTime.m in Sources */,
				84269CC319FA581C00EAB223 /* WakeUp.m in Sources */,
				84269CC619FA581C00EAB223 /* MainView.m in Sources */,
				849A41F319FA1920006F65ED /* ViewController.m in Sources */,
				849A41F019FA1920006F65ED /* AppDelegate.m in Sources */,
				849A41ED19FA1920006F65ED /* main.m in Sources */,
				84269CC519FA581C00EAB223 /* Recording.m in Sources */,
			);
			runOnlyForDeploymentPostprocessing = 0;
		};
		849A41FC19FA1920006F65ED /* Sources */ = {
			isa = PBXSourcesBuildPhase;
			buildActionMask = 2147483647;
			files = (
				849A420719FA1920006F65ED /* SADPM4Tests.m in Sources */,
			);
			runOnlyForDeploymentPostprocessing = 0;
		};
/* End PBXSourcesBuildPhase section */

/* Begin PBXTargetDependency section */
		849A420219FA1920006F65ED /* PBXTargetDependency */ = {
			isa = PBXTargetDependency;
			target = 849A41E619FA1920006F65ED /* SADPM4 */;
			targetProxy = 849A420119FA1920006F65ED /* PBXContainerItemProxy */;
		};
/* End PBXTargetDependency section */

/* Begin PBXVariantGroup section */
		849A41F419FA1920006F65ED /* Main.storyboard */ = {
			isa = PBXVariantGroup;
			children = (
				849A41F519FA1920006F65ED /* Base */,
			);
			name = Main.storyboard;
			sourceTree = "<group>";
		};
		849A41F919FA1920006F65ED /* LaunchScreen.xib */ = {
			isa = PBXVariantGroup;
			children = (
				849A41FA19FA1920006F65ED /* Base */,
			);
			name = LaunchScreen.xib;
			sourceTree = "<group>";
		};
/* End PBXVariantGroup section */

/* Begin XCBuildConfiguration section */
		849A420819FA1920006F65ED /* Debug */ = {
			isa = XCBuildConfiguration;
			buildSettings = {
				ALWAYS_SEARCH_USER_PATHS = NO;
				CLANG_CXX_LANGUAGE_STANDARD = "gnu++0x";
				CLANG_CXX_LIBRARY = "libc++";
				CLANG_ENABLE_MODULES = YES;
				CLANG_ENABLE_OBJC_ARC = YES;
				CLANG_WARN_BOOL_CONVERSION = YES;
				CLANG_WARN_CONSTANT_CONVERSION = YES;
				CLANG_WARN_DIRECT_OBJC_ISA_USAGE = YES_ERROR;
				CLANG_WARN_EMPTY_BODY = YES;
				CLANG_WARN_ENUM_CONVERSION = YES;
				CLANG_WARN_INT_CONVERSION = YES;
				CLANG_WARN_OBJC_ROOT_CLASS = YES_ERROR;
				CLANG_WARN_UNREACHABLE_CODE = YES;
				CLANG_WARN__DUPLICATE_METHOD_MATCH = YES;
				"CODE_SIGN_IDENTITY[sdk=iphoneos*]" = "iPhone Developer";
				COPY_PHASE_STRIP = NO;
				ENABLE_STRICT_OBJC_MSGSEND = YES;
				GCC_C_LANGUAGE_STANDARD = gnu99;
				GCC_DYNAMIC_NO_PIC = NO;
				GCC_OPTIMIZATION_LEVEL = 0;
				GCC_PREPROCESSOR_DEFINITIONS = (
					"DEBUG=1",
					"$(inherited)",
				);
				GCC_SYMBOLS_PRIVATE_EXTERN = NO;
				GCC_WARN_64_TO_32_BIT_CONVERSION = YES;
				GCC_WARN_ABOUT_RETURN_TYPE = YES_ERROR;
				GCC_WARN_UNDECLARED_SELECTOR = YES;
				GCC_WARN_UNINITIALIZED_AUTOS = YES_AGGRESSIVE;
				GCC_WARN_UNUSED_FUNCTION = YES;
				GCC_WARN_UNUSED_VARIABLE = YES;
				IPHONEOS_DEPLOYMENT_TARGET = 8.0;
				MTL_ENABLE_DEBUG_INFO = YES;
				ONLY_ACTIVE_ARCH = YES;
				SDKROOT = iphoneos;
			};
			name = Debug;
		};
		849A420919FA1920006F65ED /* Release */ = {
			isa = XCBuildConfiguration;
			buildSettings = {
				ALWAYS_SEARCH_USER_PATHS = NO;
				CLANG_CXX_LANGUAGE_STANDARD = "gnu++0x";
				CLANG_CXX_LIBRARY = "libc++";
				CLANG_ENABLE_MODULES = YES;
				CLANG_ENABLE_OBJC_ARC = YES;
				CLANG_WARN_BOOL_CONVERSION = YES;
				CLANG_WARN_CONSTANT_CONVERSION = YES;
				CLANG_WARN_DIRECT_OBJC_ISA_USAGE = YES_ERROR;
				CLANG_WARN_EMPTY_BODY = YES;
				CLANG_WARN_ENUM_CONVERSION = YES;
				CLANG_WARN_INT_CONVERSION = YES;
				CLANG_WARN_OBJC_ROOT_CLASS = YES_ERROR;
				CLANG_WARN_UNREACHABLE_CODE = YES;
				CLANG_WARN__DUPLICATE_METHOD_MATCH = YES;
				"CODE_SIGN_IDENTITY[sdk=iphoneos*]" = "iPhone Developer";
				COPY_PHASE_STRIP = YES;
				ENABLE_NS_ASSERTIONS = NO;
				ENABLE_STRICT_OBJC_MSGSEND = YES;
				GCC_C_LANGUAGE_STANDARD = gnu99;
				GCC_WARN_64_TO_32_BIT_CONVERSION = YES;
				GCC_WARN_ABOUT_RETURN_TYPE = YES_ERROR;
				GCC_WARN_UNDECLARED_SELECTOR = YES;
				GCC_WARN_UNINITIALIZED_AUTOS = YES_AGGRESSIVE;
				GCC_WARN_UNUSED_FUNCTION = YES;
				GCC_WARN_UNUSED_VARIABLE = YES;
				IPHONEOS_DEPLOYMENT_TARGET = 8.0;
				MTL_ENABLE_DEBUG_INFO = NO;
				SDKROOT = iphoneos;
				VALIDATE_PRODUCT = YES;
			};
			name = Release;
		};
		849A420B19FA1920006F65ED /* Debug */ = {
			isa = XCBuildConfiguration;
			buildSettings = {
				ASSETCATALOG_COMPILER_APPICON_NAME = AppIcon;
				FRAMEWORK_SEARCH_PATHS = (
					"$(inherited)",
					"/Users/admin/Desktop/parse-library-1.5.0",
				);
				INFOPLIST_FILE = SADPM4/Info.plist;
				IPHONEOS_DEPLOYMENT_TARGET = 8.0;
				LD_RUNPATH_SEARCH_PATHS = "$(inherited) @executable_path/Frameworks";
				PRODUCT_NAME = "$(TARGET_NAME)";
			};
			name = Debug;
		};
		849A420C19FA1920006F65ED /* Release */ = {
			isa = XCBuildConfiguration;
			buildSettings = {
				ASSETCATALOG_COMPILER_APPICON_NAME = AppIcon;
				FRAMEWORK_SEARCH_PATHS = (
					"$(inherited)",
					"/Users/admin/Desktop/parse-library-1.5.0",
				);
				INFOPLIST_FILE = SADPM4/Info.plist;
				IPHONEOS_DEPLOYMENT_TARGET = 8.0;
				LD_RUNPATH_SEARCH_PATHS = "$(inherited) @executable_path/Frameworks";
				PRODUCT_NAME = "$(TARGET_NAME)";
			};
			name = Release;
		};
		849A420E19FA1920006F65ED /* Debug */ = {
			isa = XCBuildConfiguration;
			buildSettings = {
				BUNDLE_LOADER = "$(TEST_HOST)";
				FRAMEWORK_SEARCH_PATHS = (
					"$(SDKROOT)/Developer/Library/Frameworks",
					"$(inherited)",
				);
				GCC_PREPROCESSOR_DEFINITIONS = (
					"DEBUG=1",
					"$(inherited)",
				);
				INFOPLIST_FILE = SADPM4Tests/Info.plist;
				LD_RUNPATH_SEARCH_PATHS = "$(inherited) @executable_path/Frameworks @loader_path/Frameworks";
				PRODUCT_NAME = "$(TARGET_NAME)";
				TEST_HOST = "$(BUILT_PRODUCTS_DIR)/SADPM4.app/SADPM4";
			};
			name = Debug;
		};
		849A420F19FA1920006F65ED /* Release */ = {
			isa = XCBuildConfiguration;
			buildSettings = {
				BUNDLE_LOADER = "$(TEST_HOST)";
				FRAMEWORK_SEARCH_PATHS = (
					"$(SDKROOT)/Developer/Library/Frameworks",
					"$(inherited)",
				);
				INFOPLIST_FILE = SADPM4Tests/Info.plist;
				LD_RUNPATH_SEARCH_PATHS = "$(inherited) @executable_path/Frameworks @loader_path/Frameworks";
				PRODUCT_NAME = "$(TARGET_NAME)";
				TEST_HOST = "$(BUILT_PRODUCTS_DIR)/SADPM4.app/SADPM4";
			};
			name = Release;
		};
/* End XCBuildConfiguration section */

/* Begin XCConfigurationList section */
		849A41E219FA1920006F65ED /* Build configuration list for PBXProject "SADPM4" */ = {
			isa = XCConfigurationList;
			buildConfigurations = (
				849A420819FA1920006F65ED /* Debug */,
				849A420919FA1920006F65ED /* Release */,
			);
			defaultConfigurationIsVisible = 0;
			defaultConfigurationName = Release;
		};
		849A420A19FA1920006F65ED /* Build configuration list for PBXNativeTarget "SADPM4" */ = {
			isa = XCConfigurationList;
			buildConfigurations = (
				849A420B19FA1920006F65ED /* Debug */,
				849A420C19FA1920006F65ED /* Release */,
			);
			defaultConfigurationIsVisible = 0;
			defaultConfigurationName = Release;
		};
		849A420D19FA1920006F65ED /* Build configuration list for PBXNativeTarget "SADPM4Tests" */ = {
			isa = XCConfigurationList;
			buildConfigurations = (
				849A420E19FA1920006F65ED /* Debug */,
				849A420F19FA1920006F65ED /* Release */,
			);
			defaultConfigurationIsVisible = 0;
			defaultConfigurationName = Release;
		};
/* End XCConfigurationList section */
	};
	rootObject = 849A41DF19FA1920006F65ED /* Project object */;
}
